
Microsoft Visual Studio Solution File, Format Version 12.00
# Visual Studio 15
VisualStudioVersion = 15.0.26430.6
MinimumVisualStudioVersion = 10.0.40219.1
Project("{FAE04EC0-301F-11D3-BF4B-00C04F79EFBC}") = "IP Changer", "IP Changer\IP Changer.csproj", "{D94F5F83-15B3-46DD-AC26-BD5B42C4881D}"
EndProject
Global
	GlobalSection(SolutionConfigurationPlatforms) = preSolution
		Debug|Any CPU = Debug|Any CPU
		Release|Any CPU = Release|Any CPU
	EndGlobalSection
	GlobalSection(ProjectConfigurationPlatforms) = postSolution
		{D94F5F83-15B3-46DD-AC26-BD5B42C4881D}.Debug|Any CPU.ActiveCfg = Debug|Any CPU
		{D94F5F83-15B3-46DD-AC26-BD5B42C4881D}.Debug|Any CPU.Build.0 = Debug|Any CPU
		{D94F5F83-15B3-46DD-AC26-BD5B42C4881D}.Release|Any CPU.ActiveCfg = Release|Any CPU
		{D94F5F83-15B3-46DD-AC26-BD5B42C4881D}.Release|Any CPU.Build.0 = Release|Any CPU
	EndGlobalSection
	GlobalSection(SolutionProperties) = preSolution
		HideSolutionNode = FALSE
	EndGlobalSection
EndGlobal
